{
    "_meta": {
        "hash": {
            "sha256": "512c8e94c5cd1cabcd24cef2da8f89d74e492c0b5922a8acf4889a4a5b27d609"
        },
        "pipfile-spec": 6,
        "requires": {
            "python_version": "3.9"
        },
        "sources": [
            {
                "name": "pip_conf_index_global",
                "url": "http://mirrors.cloud.tencent.com/pypi/simple",
                "verify_ssl": false
            }
        ]
    },
    "default": {
        "certifi": {
            "hashes": [
                "sha256:922820b53db7a7257ffbda3f597266d435245903d80737e34f8a45ff3e3230d8",
                "sha256:bec941d2aa8195e248a60b31ff9f0558284cf01a52591ceda73ea9afffd69fd9"
            ],
            "markers": "python_version >= '3.6'",
            "version": "==2024.8.30"
        },
        "charset-normalizer": {
            "hashes": [
                "sha256:06435b539f889b1f6f4ac1758871aae42dc3a8c0e24ac9e60c2384973ad73027",
                "sha256:06a81e93cd441c56a9b65d8e1d043daeb97a3d0856d177d5c90ba85acb3db087",
                "sha256:0a55554a2fa0d408816b3b5cedf0045f4b8e1a6065aec45849de2d6f3f8e9786",
                "sha256:0b2b64d2bb6d3fb9112bafa732def486049e63de9618b5843bcdd081d8144cd8",
                "sha256:10955842570876604d404661fbccbc9c7e684caf432c09c715ec38fbae45ae09",
                "sha256:122c7fa62b130ed55f8f285bfd56d5f4b4a5b503609d181f9ad85e55c89f4185",
                "sha256:1ceae2f17a9c33cb48e3263960dc5fc8005351ee19db217e9b1bb15d28c02574",
                "sha256:1d3193f4a680c64b4b6a9115943538edb896edc190f0b222e73761716519268e",
                "sha256:1f79682fbe303db92bc2b1136016a38a42e835d932bab5b3b1bfcfbf0640e519",
                "sha256:2127566c664442652f024c837091890cb1942c30937add288223dc895793f898",
                "sha256:22afcb9f253dac0696b5a4be4a1c0f8762f8239e21b99680099abd9b2b1b2269",
                "sha256:25baf083bf6f6b341f4121c2f3c548875ee6f5339300e08be3f2b2ba1721cdd3",
                "sha256:2e81c7b9c8979ce92ed306c249d46894776a909505d8f5a4ba55b14206e3222f",
                "sha256:3287761bc4ee9e33561a7e058c72ac0938c4f57fe49a09eae428fd88aafe7bb6",
                "sha256:34d1c8da1e78d2e001f363791c98a272bb734000fcef47a491c1e3b0505657a8",
                "sha256:37e55c8e51c236f95b033f6fb391d7d7970ba5fe7ff453dad675e88cf303377a",
                "sha256:3d47fa203a7bd9c5b6cee4736ee84ca03b8ef23193c0d1ca99b5089f72645c73",
                "sha256:3e4d1f6587322d2788836a99c69062fbb091331ec940e02d12d179c1d53e25fc",
                "sha256:42cb296636fcc8b0644486d15c12376cb9fa75443e00fb25de0b8602e64c1714",
                "sha256:45485e01ff4d3630ec0d9617310448a8702f70e9c01906b0d0118bdf9d124cf2",
                "sha256:4a78b2b446bd7c934f5dcedc588903fb2f5eec172f3d29e52a9096a43722adfc",
                "sha256:4ab2fe47fae9e0f9dee8c04187ce5d09f48eabe611be8259444906793ab7cbce",
                "sha256:4d0d1650369165a14e14e1e47b372cfcb31d6ab44e6e33cb2d4e57265290044d",
                "sha256:549a3a73da901d5bc3ce8d24e0600d1fa85524c10287f6004fbab87672bf3e1e",
                "sha256:55086ee1064215781fff39a1af09518bc9255b50d6333f2e4c74ca09fac6a8f6",
                "sha256:572c3763a264ba47b3cf708a44ce965d98555f618ca42c926a9c1616d8f34269",
                "sha256:573f6eac48f4769d667c4442081b1794f52919e7edada77495aaed9236d13a96",
                "sha256:5b4c145409bef602a690e7cfad0a15a55c13320ff7a3ad7ca59c13bb8ba4d45d",
                "sha256:6463effa3186ea09411d50efc7d85360b38d5f09b870c48e4600f63af490e56a",
                "sha256:65f6f63034100ead094b8744b3b97965785388f308a64cf8d7c34f2f2e5be0c4",
                "sha256:663946639d296df6a2bb2aa51b60a2454ca1cb29835324c640dafb5ff2131a77",
                "sha256:6897af51655e3691ff853668779c7bad41579facacf5fd7253b0133308cf000d",
                "sha256:68d1f8a9e9e37c1223b656399be5d6b448dea850bed7d0f87a8311f1ff3dabb0",
                "sha256:6ac7ffc7ad6d040517be39eb591cac5ff87416c2537df6ba3cba3bae290c0fed",
                "sha256:6b3251890fff30ee142c44144871185dbe13b11bab478a88887a639655be1068",
                "sha256:6c4caeef8fa63d06bd437cd4bdcf3ffefe6738fb1b25951440d80dc7df8c03ac",
                "sha256:6ef1d82a3af9d3eecdba2321dc1b3c238245d890843e040e41e470ffa64c3e25",
                "sha256:753f10e867343b4511128c6ed8c82f7bec3bd026875576dfd88483c5c73b2fd8",
                "sha256:7cd13a2e3ddeed6913a65e66e94b51d80a041145a026c27e6bb76c31a853c6ab",
                "sha256:7ed9e526742851e8d5cc9e6cf41427dfc6068d4f5a3bb03659444b4cabf6bc26",
                "sha256:7f04c839ed0b6b98b1a7501a002144b76c18fb1c1850c8b98d458ac269e26ed2",
                "sha256:802fe99cca7457642125a8a88a084cef28ff0cf9407060f7b93dca5aa25480db",
                "sha256:80402cd6ee291dcb72644d6eac93785fe2c8b9cb30893c1af5b8fdd753b9d40f",
                "sha256:8465322196c8b4d7ab6d1e049e4c5cb460d0394da4a27d23cc242fbf0034b6b5",
                "sha256:86216b5cee4b06df986d214f664305142d9c76df9b6512be2738aa72a2048f99",
                "sha256:87d1351268731db79e0f8e745d92493ee2841c974128ef629dc518b937d9194c",
                "sha256:8bdb58ff7ba23002a4c5808d608e4e6c687175724f54a5dade5fa8c67b604e4d",
                "sha256:8c622a5fe39a48f78944a87d4fb8a53ee07344641b0562c540d840748571b811",
                "sha256:8d756e44e94489e49571086ef83b2bb8ce311e730092d2c34ca8f7d925cb20aa",
                "sha256:8f4a014bc36d3c57402e2977dada34f9c12300af536839dc38c0beab8878f38a",
                "sha256:9063e24fdb1e498ab71cb7419e24622516c4a04476b17a2dab57e8baa30d6e03",
                "sha256:90d558489962fd4918143277a773316e56c72da56ec7aa3dc3dbbe20fdfed15b",
                "sha256:923c0c831b7cfcb071580d3f46c4baf50f174be571576556269530f4bbd79d04",
                "sha256:95f2a5796329323b8f0512e09dbb7a1860c46a39da62ecb2324f116fa8fdc85c",
                "sha256:96b02a3dc4381e5494fad39be677abcb5e6634bf7b4fa83a6dd3112607547001",
                "sha256:9f96df6923e21816da7e0ad3fd47dd8f94b2a5ce594e00677c0013018b813458",
                "sha256:a10af20b82360ab00827f916a6058451b723b4e65030c5a18577c8b2de5b3389",
                "sha256:a50aebfa173e157099939b17f18600f72f84eed3049e743b68ad15bd69b6bf99",
                "sha256:a981a536974bbc7a512cf44ed14938cf01030a99e9b3a06dd59578882f06f985",
                "sha256:a9a8e9031d613fd2009c182b69c7b2c1ef8239a0efb1df3f7c8da66d5dd3d537",
                "sha256:ae5f4161f18c61806f411a13b0310bea87f987c7d2ecdbdaad0e94eb2e404238",
                "sha256:aed38f6e4fb3f5d6bf81bfa990a07806be9d83cf7bacef998ab1a9bd660a581f",
                "sha256:b01b88d45a6fcb69667cd6d2f7a9aeb4bf53760d7fc536bf679ec94fe9f3ff3d",
                "sha256:b261ccdec7821281dade748d088bb6e9b69e6d15b30652b74cbbac25e280b796",
                "sha256:b2b0a0c0517616b6869869f8c581d4eb2dd83a4d79e0ebcb7d373ef9956aeb0a",
                "sha256:b4a23f61ce87adf89be746c8a8974fe1c823c891d8f86eb218bb957c924bb143",
                "sha256:bd8f7df7d12c2db9fab40bdd87a7c09b1530128315d047a086fa3ae3435cb3a8",
                "sha256:beb58fe5cdb101e3a055192ac291b7a21e3b7ef4f67fa1d74e331a7f2124341c",
                "sha256:c002b4ffc0be611f0d9da932eb0f704fe2602a9a949d1f738e4c34c75b0863d5",
                "sha256:c083af607d2515612056a31f0a8d9e0fcb5876b7bfc0abad3ecd275bc4ebc2d5",
                "sha256:c180f51afb394e165eafe4ac2936a14bee3eb10debc9d9e4db8958fe36afe711",
                "sha256:c235ebd9baae02f1b77bcea61bce332cb4331dc3617d254df3323aa01ab47bd4",
                "sha256:cd70574b12bb8a4d2aaa0094515df2463cb429d8536cfb6c7ce983246983e5a6",
                "sha256:d0eccceffcb53201b5bfebb52600a5fb483a20b61da9dbc885f8b103cbe7598c",
                "sha256:d965bba47ddeec8cd560687584e88cf699fd28f192ceb452d1d7ee807c5597b7",
                "sha256:db364eca23f876da6f9e16c9da0df51aa4f104a972735574842618b8c6d999d4",
                "sha256:ddbb2551d7e0102e7252db79ba445cdab71b26640817ab1e3e3648dad515003b",
                "sha256:deb6be0ac38ece9ba87dea880e438f25ca3eddfac8b002a2ec3d9183a454e8ae",
                "sha256:e06ed3eb3218bc64786f7db41917d4e686cc4856944f53d5bdf83a6884432e12",
                "sha256:e27ad930a842b4c5eb8ac0016b0a54f5aebbe679340c26101df33424142c143c",
                "sha256:e537484df0d8f426ce2afb2d0f8e1c3d0b114b83f8850e5f2fbea0e797bd82ae",
                "sha256:eb00ed941194665c332bf8e078baf037d6c35d7c4f3102ea2d4f16ca94a26dc8",
                "sha256:eb6904c354526e758fda7167b33005998fb68c46fbc10e013ca97f21ca5c8887",
                "sha256:eb8821e09e916165e160797a6c17edda0679379a4be5c716c260e836e122f54b",
                "sha256:efcb3f6676480691518c177e3b465bcddf57cea040302f9f4e6e191af91174d4",
                "sha256:f27273b60488abe721a075bcca6d7f3964f9f6f067c8c4c605743023d7d3944f",
                "sha256:f30c3cb33b24454a82faecaf01b19c18562b1e89558fb6c56de4d9118a032fd5",
                "sha256:fb69256e180cb6c8a894fee62b3afebae785babc1ee98b81cdf68bbca1987f33",
                "sha256:fd1abc0d89e30cc4e02e4064dc67fcc51bd941eb395c502aac3ec19fab46b519",
                "sha256:ff8fa367d09b717b2a17a052544193ad76cd49979c805768879cb63d9ca50561"
            ],
            "markers": "python_full_version >= '3.7.0'",
            "version": "==3.3.2"
        },
        "deprecated": {
            "hashes": [
                "sha256:6fac8b097794a90302bdbb17b9b815e732d3c4720583ff1b198499d78470466c",
                "sha256:e5323eb936458dccc2582dc6f9c322c852a775a27065ff2b0c4970b9d53d01b3"
            ],
            "markers": "python_version >= '2.7' and python_version not in '3.0, 3.1, 3.2, 3.3'",
            "version": "==1.2.14"
        },
        "future": {
            "hashes": [
                "sha256:34a17436ed1e96697a86f9de3d15a3b0be01d8bc8de9c1dffd59fb8234ed5307"
            ],
            "index": "pip_conf_index_global",
            "markers": "python_version >= '2.6' and python_version not in '3.0, 3.1, 3.2'",
            "version": "==0.18.3"
        },
        "idna": {
            "hashes": [
                "sha256:12f65c9b470abda6dc35cf8e63cc574b1c52b11df2c86030af0ac09b01b13ea9",
                "sha256:946d195a0d259cbba61165e88e65941f16e9b36ea6ddb97f00452bae8b1287d3"
            ],
            "markers": "python_version >= '3.6'",
            "version": "==3.10"
        },
        "jaconv": {
            "hashes": [
                "sha256:32da74b247f276e09a52d6b35c153df2387965cb85a6f034cc8af21d446f8161"
            ],
            "version": "==0.4.0"
        },
        "mutagen": {
            "hashes": [
                "sha256:719fadef0a978c31b4cf3c956261b3c58b6948b32023078a2117b1de09f0fc99",
                "sha256:edd96f50c5907a9539d8e5bba7245f62c9f520aef333d13392a79a4f70aca719"
            ],
            "index": "pip_conf_index_global",
            "markers": "python_version >= '3.7'",
            "version": "==1.47.0"
        },
        "pykakasi": {
            "hashes": [
                "sha256:3a3510929a5596cae51fffa9cf78c0f742d96cebd93f726c96acee51407d18cc",
                "sha256:f2d3d12a684314d7f317314499f5b0bec4a711eef4cfc963a2ca6f5c3d68f3b3"
            ],
            "index": "pip_conf_index_global",
            "version": "==2.2.1"
        },
        "pypinyin": {
            "hashes": [
                "sha256:3791f5b647e446866e6b5d3a63942ecbaeb29b49fed268a9d9a4982241c35fe0",
                "sha256:a5d61a79c5f48f6b4a422f010c20d48fcd53c705784df4aa80e329493219a4be"
            ],
            "index": "pip_conf_index_global",
            "markers": "python_version >= '2.6' and python_version not in '3.0, 3.1, 3.2' and python_version < '4'",
            "version": "==0.49.0"
        },
        "pyside6": {
            "hashes": [
                "sha256:48f4579ca49225cfff8f512178551bdf6aa9031198527f71799bcc061a0f2327",
                "sha256:84f3d3e278e5ea00f1558ac7e1eeb382bba1df7732bdb025ee654e7b4b3cd451",
                "sha256:aaaf5acfaaf9575740df03ee1aa706e2f38d8fcca2255acbbd3a5701f6f2f416",
                "sha256:be53e7c64710fc4307afd33147e241a06cd97b18fae887ee611d8d4b373dbb04"
            ],
            "index": "pip_conf_index_global",
            "markers": "python_version < '3.12' and python_version >= '3.7'",
            "version": "==6.5.3"
        },
        "pyside6-addons": {
            "hashes": [
                "sha256:047162b158ee929d43c21cdc3ac48e75fec612f2e5492b317190fac98d2de5c6",
                "sha256:be0dcfb15d44c2973c3c122058f1df8c3c9d93abd4170534e06dbf986aa30e26",
                "sha256:dd1d294d48798bd297bde02d3ea02f313a86e38ed3944519228466bdfb537961",
                "sha256:e5bc1fa95351182dc2c003e07320d5509218ccc0840d10197d7d452aa5de5d2e"
            ],
            "markers": "python_version < '3.12' and python_version >= '3.7'",
            "version": "==6.5.3"
        },
        "pyside6-essentials": {
            "hashes": [
                "sha256:45580138be91f5fdcefb4d28dadb56d3640eb658575af97b49057e10c22a024d",
                "sha256:4d9c95ded938e557052fc67efe68d57108856df141a1b499497fd7999419e3eb",
                "sha256:8244bc185b0243ba7c4491033e592b247e44a63d69213e9a45ee38e87e0f1f90",
                "sha256:f928b98ec349c87f9ccc63a482917779f59fa646893722c53c2fe2a1e4f335e0"
            ],
            "markers": "python_version < '3.12' and python_version >= '3.7'",
            "version": "==6.5.3"
        },
        "requests": {
            "hashes": [
                "sha256:55365417734eb18255590a9ff9eb97e9e1da868d4ccd6402399eaf68af20a760",
                "sha256:70761cfe03c773ceb22aa2f671b4757976145175cdfca038c02654d061d6dcc6"
            ],
            "index": "pip_conf_index_global",
            "markers": "python_version >= '3.8'",
            "version": "==2.32.3"
        },
        "shiboken6": {
            "hashes": [
                "sha256:1bc928ca9f1c1d16ff8fe0585627738a15552bb3329c04fca2c74a443618a6b3",
                "sha256:4cdda98df511243c40f1dd4d9eac25a7191c2583ac673147ecdae0ffa3b9223f",
                "sha256:a013367e38a12b3f69ba02e79f133df4fba8d21b55a78c6999cdb31c25609524",
                "sha256:faaca92dcbbf26c0ae13f189746c38482e40859e0897b0ed4dee5e04f69fda71"
            ],
            "markers": "python_version < '3.12' and python_version >= '3.7'",
            "version": "==6.5.3"
        },
        "urllib3": {
            "hashes": [
                "sha256:ca899ca043dcb1bafa3e262d73aa25c465bfb49e0bd9dd5d59f1d0acba2f8fac",
                "sha256:e7d814a81dad81e6caf2ec9fdedb284ecc9c73076b62654547cc64ccdcae26e9"
            ],
            "markers": "python_version >= '3.8'",
            "version": "==2.2.3"
        },
        "wrapt": {
            "hashes": [
                "sha256:01592f7b69b0e721146eed35f0e73f64d06c4caf449d630382863e1f1709150d",
                "sha256:03e76cc5143af6e9098d61fa195a0683db5aaca7b42209e23d2b79a43a42215b",
                "sha256:09695a747c4af43a50425a45badebdb932d026d6e4d57b885e328f1294a14825",
                "sha256:0b9348a09742013395f4eeff39fc5c23a80186f17f9b6ca6a06b2cd885e34f8b",
                "sha256:0c882fe9737760a8208bdb8d69015302732b457a1afbb3572ff9b259dafd74af",
                "sha256:0d2691979e93d06a95a26257adb7bfd0c93818e89b1406f5a28f36e0d8c1e1fc",
                "sha256:115970769617c7d03d23ecfa08c174f29a9bbf8da08ded204702bc34b76658ab",
                "sha256:11f3ed8f88776fb7631544c191091de320133c88feca999d974456d1e7f45666",
                "sha256:14d7dc606219cdd7405133c713f2c218d4252f2a469003f8c46bb92d5d095d81",
                "sha256:169ae1817e18a8ae3e10796b1e0c203e04d83ca487f64e7ddb22077eae9a1915",
                "sha256:16e5d269660b7217a7a53631df87900ee8937038fae6a3adb88411b108bb8f50",
                "sha256:17e978083c577ee724c8eeb0155ed96dd7a1e50b97f30c535da1c09cda0970c9",
                "sha256:1a5db485fe2de4403f13fafdc231b0dbae5eca4359232d2efc79025527375b09",
                "sha256:1acd723ee2a8826f3d53910255643e33673e1d11db84ce5880675954183ec47e",
                "sha256:1babf7f3f94996e348bb46b22e6f08d638bc4a17c27af690836559b7f4430402",
                "sha256:1ca9b6085e4f866bd584fb135a041bfc32cab916e69f714a7d1d397f8c4891ca",
                "sha256:1dd50a2696ff89f57bd8847647a1c363b687d3d796dc30d4dd4a9d1689a706f0",
                "sha256:1e3df5fd073559d32ad8cf6ee10d55e956ed794c130b24c57769416a13c37a60",
                "sha256:2076fad65c6736184e77d7d4729b63a6d1ae0b70da4868adeec40989858eb3fb",
                "sha256:20c9193662f6a39d75deecf5c72c61028d9208af62b1c85ebc88a18788d26d61",
                "sha256:221eca686d29b2babd09007296816fe338e502a002c965b27737d108e2ce1832",
                "sha256:228533d82158a4d25de8b3703195d5c69bae5860010c75bd01f6ab393561ea22",
                "sha256:22c6ba8b141ec9b6e34beff8429bd03cd082987dd4831d288b2931fee6c34d29",
                "sha256:2522e09d2f8fc0f1db4aafdeebe84597c078cd7d70cc56b1bbc4887870b1f24c",
                "sha256:275058048bbbb53fb9443bbd6a1ed8d4277a2928a05e1ed0fe4cfd377da90172",
                "sha256:29c20ca9bab38759a1d8fb171ad17f7da5ec18855fc7aacd6c93edc83dbc9764",
                "sha256:29d70cbf5814bf91193cdac1ffc76240adfeb7c89a8070dc29e49674249542c2",
                "sha256:2a88e6010048489cda82b1326889ec075a8c856c2e6a256072b28eaee3ccf487",
                "sha256:2e287347a241c3db125d58ec0c0c9f363fd7cbfdf2affc352c0f5bd4d0f0b799",
                "sha256:300c4cc0b93598e8dbd3a3dc98e643fe537d1068eb0e926e19ae6375feb4a6c5",
                "sha256:378021d27d168f6f09cf69eaaa9052c8ea48e103beb7d403fc978ad7d6dcdc3e",
                "sha256:386b8209eb21feda19d794d4ddcd6501f3d894b5d02063aec2738ec7e33c5c55",
                "sha256:38f7304bba1d8aa5a4299afd4afb50c847b697435fcae27efc2140f3598df9ef",
                "sha256:393d5afd16ae6935612de05e592a8ee9d178edd17217fe4eb886afa273cb6ec0",
                "sha256:399a64e99b3a327159e79cc20b6f0552e72e32bf6155d5521b0496cab26d1110",
                "sha256:3a7e40704f48038f5233b993d61ac3195beb748cfe8e8f4698349c5fecbe6280",
                "sha256:3b13c53d8629cced58bdee9ee3c3a4372097660dad7e8398b3f26267a942cb2e",
                "sha256:3bf47bf011a47010e85d5189f77cadb3b547d8b65a303f072b425a74a3111ef4",
                "sha256:3c33ff125192043c87427d1f3c123bc6da35f19cd2c25ae17f3fd26217a764c2",
                "sha256:3ca9ab90a5d6fa91761a6151018819a9239b28c9cc2e8e1d679833bd0f5f939c",
                "sha256:3cf2fae5a9757491ed8756f580ece8312fea95e07be2b340ddef982a766a7ac7",
                "sha256:3ebf019be5c09d400cf7b024aa52b1f3aeebeff51550d007e92c3c1c4afc2a40",
                "sha256:3ee64ab62c8fdc671c16b6d44bee12d598e0ad936b3a17e891404fd79f1f3d61",
                "sha256:40d2f6ab8f35801e5166b7b35f9532540d796188ec825a2404cf5e3fda2168e1",
                "sha256:4148753415a77f674a9f3ed372d68f9b6c0e83e6f2bcf91d3068462a40cb43cd",
                "sha256:418abb18146475c310d7a6dc71143d6f7adec5b004ac9ce08dc7a34e2babdc5c",
                "sha256:43aa59eadec7890d9958748db829df269f0368521ba6dc68cc172d5d03ed8060",
                "sha256:4409bd44e5ffa1656bce5c8824155abc0e3151d07393c3434a28f812c5a123d0",
                "sha256:44a2754372e32ab315734c6c73b24351d06e77ffff6ae27d2ecf14cf3d229202",
                "sha256:467ca88d704655f3e7429af2fa4649d602cb27ce289f26b833c207bf11d96830",
                "sha256:490b0ee15c1a55be9c1bd8609b8cecd60e325f0575fc98f50058eae366e01f41",
                "sha256:49aac49dc4782cb04f58986e81ea0b4768e4ff197b57324dcbd7699c5dfb40b9",
                "sha256:49cc6b5dedc221529be55ee5bbfae682f6bb118920cbb4464ddb3cae1df583c1",
                "sha256:4b3dcebbd538f6f4ef8d677effd29a13f0b96e88ce9d88beb0a300116611f053",
                "sha256:4c51ab4213d97f9e2287c5dd9f61fc44a2604be79246239ebadeae636b274596",
                "sha256:4e07ac0a4f44693bfc8df134b181268adfcdd7e73db9814901df3e051d9266fc",
                "sha256:4e75f141c576b3f2f2f2fe359329ebe75c417ca4b12a3ade0e9fdeafb140d8d2",
                "sha256:4f31b53e611854ab300535f81038a83dbcd472814dd3a9970eeb201578df6262",
                "sha256:54be66645d5b2358b9294ff0349005789541ac9a4c3a10d60042685e2ea51ca0",
                "sha256:55d9cbee700697ae3a5a34045446d0890baada178fe6028604e8f2c9992470cb",
                "sha256:56081ed03f12515f6d733677bf9084c864efeeb473db94666f3028df6082d57c",
                "sha256:5717a43f61df50dbef56679fa033ca0a493a5010be3cf0ca5bd9cfe12383873f",
                "sha256:5816dee9ab69a18ca47a0d1d67086b2995910e11b7a0a2a2bae6e9ac63ac2828",
                "sha256:59ecece1b2b35d5fc6f1605d15e90d4342b0658b17158643e6a17b72e38da826",
                "sha256:5b3f2cef94b53f0d55d96c6309f1100110475c7b1fb907bc5f3fd2b0c940b238",
                "sha256:5e4ed9d034a18ae76ce19c86cfa7d236c37bcb46de3d1a62b9140d18a7b9151d",
                "sha256:5eb404d89131ec9b4f748fa5cfb5346802e5ee8836f57d516576e61f304f3b7b",
                "sha256:5f15814a33e42b04e3de432e573aa557f9f0f56458745c2074952f564c50e664",
                "sha256:5f370f952971e7d17c7d1ead40e49f32345a7f7a5373571ef44d800d06b1899d",
                "sha256:604dad6f6b34d767097b12a1ae84a128d899626c78e86e1180eff35d64f1a57d",
                "sha256:60a553cf4f0f65da713c7fdcde741d2c6057fe7c3633ccb5e218483fab19de84",
                "sha256:62d14b91c1665983d0e34b5206f8e761c423ba3a9c8cf30846a1f3fc5093600d",
                "sha256:640fdfcb41865941c2fa4c0dfb9db6ab389d65e3266a464afeeff23f8f77fb24",
                "sha256:65586e7a33267e5725cf228c0f7b9e819ab60c0c88ccf9827c2e0526d43a1103",
                "sha256:66027d667efe95cc4fa945af59f92c5a02c6f5bb6012bff9e60542c74c75c362",
                "sha256:66dfbaa7cfa3eb707bbfcd46dab2bc6207b005cbc9caa2199bcbc81d95071a00",
                "sha256:685f568fa5e627e93f3b52fda002c7ed2fa1800b50ce51f6ed1d572d8ab3e7fc",
                "sha256:6906c4100a8fcbf2fa735f6059214bb13b97f75b1a61777fcf6432121ef12ef1",
                "sha256:6988688759294253aaeec30bbec346ad82286c8b2a906555340cd1feeda0961d",
                "sha256:6a42cd0cfa8ffc1915aef79cb4284f6383d8a3e9dcca70c445dcfdd639d51267",
                "sha256:6bb06bfe4c53f65d59bbe9101a8181c5e8dcde1ad0f778a4d502b599ebc213e6",
                "sha256:6d4950d0b5ebbe74ca549b2000474330988c88ae59a67b961e2cfdc18cd75003",
                "sha256:6dca87f300b0fc11d0e38145d06c3d6d73cde2427f0f4bdcf5d01bc796c86fe7",
                "sha256:6dcfcffe73710be01d90cae08c3e548d90932d37b39ef83969ae135d36ef3956",
                "sha256:6f6eac2360f2d543cc875a0e5efd413b6cbd483cb3ad7ebf888884a6e0d2e966",
                "sha256:6f86916c1e413443f53be9b6a6709bb376ba8ee8cb18d4a2c87561e2f1e5dff5",
                "sha256:6f96555ec328714caab0b8bbe9fcd92d16b2f1a6af931931bb80b3d014b1fd51",
                "sha256:706bddba81c86330d92bbf080afef4a8c4f4fd86e0bc4a1975fac9b84c6758af",
                "sha256:72554a23c78a8e7aa02abbd699d129eead8b147a23c56e08d08dfc29cfdddca1",
                "sha256:73870c364c11f03ed072dda68ff7aea6d2a3a5c3fe250d917a429c7432e15228",
                "sha256:73aa7d98215d39b8455f103de64391cb79dfcad601701a3aa0dddacf74911d72",
                "sha256:75ea7d0ee2a15733684badb16de6794894ed9c55aa5e9903260922f0482e687d",
                "sha256:76263e0c1207dfe9099805d1cf6147de05f638a598c8453cd8bb914aaf7520db",
                "sha256:77cd63017a8c35ead1a07f85c3ec4fa259bb2260332d69c6e9ae4c35b2c8e79f",
                "sha256:78c03829fe1dc11eefe2500686a28c343340453a7adc68ecacc4d5f3b8d57dee",
                "sha256:793c91e9c86d80850f2f40f1d3d5dce4f810f5aa6e5a80310fb8d32f5210f4df",
                "sha256:79de2f8f907115d0345ea85cf5382f91b8572f71fd81e0407f64ab1f4c1fc812",
                "sha256:7bd2d7ff69a2cac767fbf7a2b206add2e9a210e57947dd7ce03e25d03d2de292",
                "sha256:7be5254cfb1acec9441df89967fc241c5b1023e2c801717d6c758b4e36b113b0",
                "sha256:7d71ac38f1f178a8d3139e5560d95dabd4f894820a5627d0cd7535e9a255056a",
                "sha256:7e372d054af5b9652c7ba05fda93aec3bcb8f53dab21e61249c98a1596e48402",
                "sha256:807cc8543a477ab7422f1120a217054f958a66ef7314f76dd9e77d3f02cdccd0",
                "sha256:89f133fb105a83edb3faa03bf0c632a9525658238803dfb00f3bbeca73dd915b",
                "sha256:8c9b972bc3dad5363f966912b8134b2ebfc1dc5a030e0835dc6c60f107390fe7",
                "sha256:8d22ec737a143e1999bb3d8e27228df1d6e117cb419b9aa41c2ed152337a7d22",
                "sha256:8e9723528b9f787dc59168369e42ae1c3b0d3fadb2f1a71de14531d321ee05b0",
                "sha256:9090c9e676d5236a6948330e83cb89969f433b1943a558968f659ead07cb3b36",
                "sha256:9153ed35fc5e4fa3b2fe97bddaa7cbec0ed22412b85bcdaf54aeba92ea37428c",
                "sha256:9159485323798c8dc530a224bd3ffcf76659319ccc7bbd52e01e73bd0241a0c5",
                "sha256:9166562917559942f803cd9db47b00a53717024f8c71d92b881599096ed6f7e6",
                "sha256:941988b89b4fd6b41c3f0bfb20e92bd23746579736b7343283297c4c8cbae68f",
                "sha256:94265b00870aa407bd0cbcfd536f17ecde43b94fb8d228560a1e9d3041462d73",
                "sha256:95f434c8c5605c11e1624b064316775cb2b1b64bd9d438acefed35fd6662fe10",
                "sha256:969d518cc42be5f9f78fb7e6f42e51796e1ebce02219c93a03fcb29a7a3eb1e7",
                "sha256:98a34ad05ff26210570e2f7f70613d801aa45aabb2a3f3276144f830ca84cdb1",
                "sha256:98b5e1f498a8ca1858a1cdbffb023bfd954da4e3fa2c0cb5853d40014557248b",
                "sha256:998e0012839ec5cb42f68a147daa00c2d86e5c9672abdf7716955ea046756bb0",
                "sha256:9b201ae332c3637a42f02d1045e1d0cccfdc41f1f2f801dafbaa7e9b4797bfc2",
                "sha256:9cb976d424d0b5366171c03da6eb36df42c86f3959388bef21cbd024fcf2686c",
                "sha256:9eba32d17d477f551b14c4bb9be9018ea0ac0ca5c9f9500112e61763479e71aa",
                "sha256:a0ea261ce52b5952bf669684a251a66df239ec6d441ccb59ec7afa882265d593",
                "sha256:a120472cff2ab49da3f32f95a99bb77e95551abc2f2ecc79e769c4f2dc4faaa7",
                "sha256:a33a747400b94b6d6b8a165e4480264a64a78c8a4c734b62136062e9a248dd39",
                "sha256:a3461740b336424b836840f3568a56775e5fc988521cb6072aa3c3f2a589036c",
                "sha256:a3a15c874a1a30a9c4edb5ec55d96c1210f5974df51a6d69a367aace74378467",
                "sha256:a3fdde5f045de444875fa2c6822a1551dd03dcbb3a22fb52ded73744d7ebad55",
                "sha256:a452f9ca3e3267cd4d0fcf2edd0d035b1934ac2bd7e0e57ac91ad6b95c0c6389",
                "sha256:a4536de186986f6077288c977ad73660689cb45a08acf4a69f682388f2824fef",
                "sha256:a7675ff09d87435b8f678d17e78211cb589ae805fd31579dc918e23c71710a6c",
                "sha256:a86373cf37cd7764f2201b76496aba58a52e76dedfaa698ef9e9688bfd9e41cf",
                "sha256:a8d25a7baf089a6530073ae97c2988fceccc7f26f79e90ad3b1ad1bc060a0c3c",
                "sha256:a93a9d218473817f4c51ae70958585e69ed8c5c62a7c8fda5a75e148c9ae86a9",
                "sha256:a9a65f98a571083dc61419295aeb8d59170227227d4ba13d6d5b96a953a519aa",
                "sha256:ac73fecc83d7c911e95515df49969435ca8a6409d09853be567a6caf36bdc4fd",
                "sha256:ac83a914ebaf589b69f7d0a1277602ff494e21f4c2f743313414378f8f50a4cf",
                "sha256:ae98c52a7397b9827568f64dfd0cc24e84e18bcfedb4b67ae49d8b5a4242b07c",
                "sha256:aefbc4cb0a54f91af643660a0a150ce2c090d3652cf4052a5397fb2de549cd89",
                "sha256:af260f7ce492beb0cea355134bb054a928a9b254827e863c15b105d8699ed52d",
                "sha256:b265aaab64dfb9db412ee315ff23f52f1986cf6e0989d719d90423baf4019d63",
                "sha256:b2dea75b91bfabae5c85fb3804dcf9c391febccaac59f1309f2cfb16c83452e1",
                "sha256:b3646eefa23daeba62643a58aac816945cadc0afaf21800a1421eeba5f6cfb9c",
                "sha256:b47cfad9e9bbbed2339081f4e346c93ecd7ab504299403320bf85f7f85c7d46c",
                "sha256:b582635e7d837f0b21b38e2bc2d00b09605d044fa0ebdef72e6b9534ed277034",
                "sha256:b935ae30c6e7400022b50f8d359c03ed233d45b725cfdd299462f41ee5ffba6f",
                "sha256:b96bbcbf81ee9ee2e0c81a5f2a3bd0975a6dc0a6a9fc335f9b302a661999e3ed",
                "sha256:bb2dee3874a500de01c93d5c71415fcaef1d858370d405824783e7a8ef5db440",
                "sha256:bc57efac2da352a51cc4658878a68d2b1b67dbe9d33c36cb826ca449d80a8465",
                "sha256:bdbb31db39b69d0f0e5ae83f99b8e28fa3ad7b7e05de6c5faa3cd52a4de20ef5",
                "sha256:bde183fda6bde2cbeac8db7e5f3ac9d223cbd8926426a9d780d05557410815ab",
                "sha256:bf5703fdeb350e36885f2875d853ce13172ae281c56e509f4e6eca049bdfb136",
                "sha256:bfebc5fbafc4e8a0b433238feed10ecbf652818b56303c8237a60112e6eeeab5",
                "sha256:c31f72b1b6624c9d863fc095da460802f43a7c6868c5dda140f51da24fd47d7b",
                "sha256:c3f3c320272601223a036fecd942dd1258a15cebe88e18012cc88b2e6b813483",
                "sha256:c5cd603b575ebceca7da5a3a251e69561bec509e0b46e4993e1cac402b7247b8",
                "sha256:c85b8fbd7c0e303a6d6e5731a7898f10e070dead30822b0481327dba74e7123c",
                "sha256:c939d2cc4015311e8aae68f52a6bc8e69c02b2c7166953fef9c1f06657aabdfc",
                "sha256:ca500194268302ca654d2191a709250b504ce9e71214acf503b63cece112656d",
                "sha256:cfd7afaa857917192fc78f7719a47386d82be0cbae8bf40522bb00a498314e45",
                "sha256:d0c1832ec2c68459c44535747224ae800a8fd22854a173c1ac48305872739927",
                "sha256:d1dddc34ef35591d0971c34b64c8d557a8b3d7c1b15f25ee3c88511eeacc5031",
                "sha256:d2efee35b4b0a347e0d99d28e884dfd82797852d62fcd7ebdeee26f3ceb72cf3",
                "sha256:d462f28826f4657968ae51d2181a074dfe03c200d6131690b7d65d55b0f360f8",
                "sha256:d5b9c78afff3995b4dad3ef06c573d6a3ee5229507006bfa03da15e80d62a9cd",
                "sha256:d5e49454f19ef621089e204f862388d29e6e8d8b162efce05208913dde5b9ad6",
                "sha256:d6a866d5b8fc0f713440aafb9507f688f4d660c2f868093ae6cd0acb62d1a918",
                "sha256:d6d6d89cb9cdc33b360eaca9adcfa7cdb603bb88e494734459be34f64c4c4d86",
                "sha256:d7a7bd6a773ad928a7e421e4060cc86d39b669c18202cf929c9dc3e5860c4591",
                "sha256:d7c7e203e93f1eed57880f84505e7d2b4ece02e3ed7c6690ba90d0385f1a74b4",
                "sha256:d85c9e8ad63910312b6433667b5945ba2763ba4ad217b2602b7c5b23e322c6bf",
                "sha256:d8d2fda2907c42ba3df720f0c7a704f36e09c586c8f7a4eed8b9db0e1d2fa79a",
                "sha256:da090b8ef5a6b2a3ea1593debbfbdabd6795b38f74835e0cb4a50b116ccf2de7",
                "sha256:da4813f751142436b075ed7aa012a8778aa43a99f7b36afe9b742d3ed8bdc95e",
                "sha256:db19ee778cebfbb118333a16464007dc387342947e642fb891958feff733d778",
                "sha256:db2e408d983b0e61e238cf579c09ef7020560441906ca990fe8412153e3b291f",
                "sha256:db39f9065ed5b30081f8df71ced66cd29640b21e0091e2e5572ba0d70078f611",
                "sha256:db4772a9498023ce19f95b7aa86a8d94c8838269597361a986133373990be41f",
                "sha256:db98ad84a55eb09b3c32a96c576476777e87c520a34e2519d3e59c44710c002c",
                "sha256:dbed418ba5c3dce92619656802cc5355cb679e58d0d89b50f116e4a9d5a9603e",
                "sha256:dcdba5c86e368442528f7060039eda390cc4091bfd1dca41e8046af7c910dda8",
                "sha256:dd5dd67c074201664e4b80022128ef6eee8a007f2281d7099cd2114061af796a",
                "sha256:decbfa2f618fa8ed81c95ee18a387ff973143c656ef800c9f24fb7e9c16054e2",
                "sha256:dfc2a91a23de91c9cedc9bc34742469ad7d1f177d4bf1a7a359af1adf9050e9b",
                "sha256:e076113a22bb1c01d160e60dc9f32a14dadabb2750de3e7dc5ab0bc8f3fb6029",
                "sha256:e1e811fc46e648154ac8df5443643504f95e45c685517c34b2585e87cb3a1f9a",
                "sha256:e4fdb9275308292e880dcbeb12546df7f3e0f96c6b41197e0cf37d2826359020",
                "sha256:e5b450194731714cba9267e5c04e1f3622090c3ec43e1acba36744d92354da5e",
                "sha256:e5dd9a0df1b423dfbf04cef8b693727ebcbba6ddfc96ab74bfd93f45d1a644fd",
                "sha256:e7b324089cb59d700ed5cace6b39013f81473d1bf410da77a0d304ebadbc6eb9",
                "sha256:ea6041327840465f2450a1c8894a834a99aa4626a96f82547d9c042526eb1487",
                "sha256:eb1b046be06b0fce7249f1d025cd359b4b80fc1c3e24ad9eca33e0dcdb2e4a35",
                "sha256:eb6e651000a19c96f452c85132811d25e9264d836951022d6e81df2fff38337d",
                "sha256:eb72f906837cea3583fd9c91c6e286f8616360767703c837e7dfa1a70b123ad0",
                "sha256:ecfe346b1d26e5966013d97bb07325880d8fe900df5ee3ed6ab2e7096fff365a",
                "sha256:ed864812649ec6f2e9d3ae49c021d52aa04fe2ef1c8348ebdc3bdde5765cd30e",
                "sha256:ed867c42c268f876097248e05b6117a65bcd1e63b779e916fe2e33cd6fd0d3c3",
                "sha256:edfad1d29c73f9b863ebe7082ae9321374ccb10879eeabc84ba3b69f2579d537",
                "sha256:ee46c29c03ef99cbe4bef0903eede7ebd7263d1a1c0a38f6db8eeccb86c1cb99",
                "sha256:ef20742684ba9a5d2147bbf82be38a00e6e67c6af87ed48507f6c4a6c787dec9",
                "sha256:f0b9edc564b1af9e9ac9cf932349136c74894ce2f699e00c1279b0fa5909d515",
                "sha256:f12dfdc7943908f392ede9041a53295825d0fc418494cdbe9de9718f4065ee2d",
                "sha256:f2058f813d4f2b5e3a9eb2eb3faf8f1d99b81c3e51aeda4b168406443e8ba809",
                "sha256:f270e86dc5210fc120ff4727401649a48b2f81889c09b2762da227ca6004f036",
                "sha256:f6b2d0c6703c988d334f297aa5df18c45e97b0af3679bb75059e0e0bd8b1069d",
                "sha256:f8212564d49c50eb4565e502814f694e240c55551a5f1bc841d4fcaabb0a9b8a",
                "sha256:f89bf867a643805b8e041ed551d1ceb74fee0d540aeec03bd0ffb8b19990e040",
                "sha256:f9e10c3bf07074377fbbff3d2b02d740c17602ce5d6c91455977bdb32fbbebe8",
                "sha256:fbf2264e29f4834eda24438377ba42d7e9571c81e9ff4dd54976a14e3c05dc8e",
                "sha256:fc43eb869c6baba54dda3264109354a5d0ea621c51ba945ff71308347f24a1c9",
                "sha256:ff586b8183af4be687749735adc2dcf86eae6874953f0a4f1309073b47154ff4",
                "sha256:ffa565331890b90056c01db69c0fe634a776f8019c143a5ae265f9c6bc4bd6d4"
            ],
            "markers": "python_version >= '3.6'",
            "version": "==1.16.0"
        }
    },
    "develop": {}
}
